// !$*UTF8*$!
{
	archiveVersion = 1;
	classes = {
	};
	objectVersion = 56;
	objects = {

/* Begin PBXBuildFile section */
		D4A141702CCCA48300B772D5 /* The_Movie_ListApp.swift in Sources */ = {isa = PBXBuildFile; fileRef = D4A1416F2CCCA48300B772D5 /* The_Movie_ListApp.swift */; };
		D4A141722CCCA48300B772D5 /* ContentView.swift in Sources */ = {isa = PBXBuildFile; fileRef = D4A141712CCCA48300B772D5 /* ContentView.swift */; };
		D4A141742CCCA48500B772D5 /* Assets.xcassets in Resources */ = {isa = PBXBuildFile; fileRef = D4A141732CCCA48500B772D5 /* Assets.xcassets */; };
		D4A141772CCCA48500B772D5 /* Preview Assets.xcassets in Resources */ = {isa = PBXBuildFile; fileRef = D4A141762CCCA48500B772D5 /* Preview Assets.xcassets */; };
		D4A141792CCCA48500B772D5 /* Persistence.swift in Sources */ = {isa = PBXBuildFile; fileRef = D4A141782CCCA48500B772D5 /* Persistence.swift */; };
		D4A1417C2CCCA48500B772D5 /* The_Movie_List.xcdatamodeld in Sources */ = {isa = PBXBuildFile; fileRef = D4A1417A2CCCA48500B772D5 /* The_Movie_List.xcdatamodeld */; };
		D4A141872CCCB7FA00B772D5 /* Genre.swift in Sources */ = {isa = PBXBuildFile; fileRef = D4A141862CCCB7FA00B772D5 /* Genre.swift */; };
		D4A141892CCCB81D00B772D5 /* ErrorResponse.swift in Sources */ = {isa = PBXBuildFile; fileRef = D4A141882CCCB81D00B772D5 /* ErrorResponse.swift */; };
		D4A1418B2CCCB83F00B772D5 /* Movies.swift in Sources */ = {isa = PBXBuildFile; fileRef = D4A1418A2CCCB83F00B772D5 /* Movies.swift */; };
		D4A1418D2CCCB85E00B772D5 /* ResultResponse.swift in Sources */ = {isa = PBXBuildFile; fileRef = D4A1418C2CCCB85E00B772D5 /* ResultResponse.swift */; };
		D4A141902CCCBB8B00B772D5 /* SDWebImageSwiftUI in Frameworks */ = {isa = PBXBuildFile; productRef = D4A1418F2CCCBB8B00B772D5 /* SDWebImageSwiftUI */; };
		D4A141922CCCBC4600B772D5 /* Constants.swift in Sources */ = {isa = PBXBuildFile; fileRef = D4A141912CCCBC4600B772D5 /* Constants.swift */; };
		D4A141942CCCBD8E00B772D5 /* MovieDetailsViewModel.swift in Sources */ = {isa = PBXBuildFile; fileRef = D4A141932CCCBD8E00B772D5 /* MovieDetailsViewModel.swift */; };
		D4A141962CCCBF1100B772D5 /* HomeViewModel.swift in Sources */ = {isa = PBXBuildFile; fileRef = D4A141952CCCBF1100B772D5 /* HomeViewModel.swift */; };
		D4A141992CCCC53500B772D5 /* MovieDetailsView.swift in Sources */ = {isa = PBXBuildFile; fileRef = D4A141982CCCC53500B772D5 /* MovieDetailsView.swift */; };
		D4A1419B2CCCC6E900B772D5 /* MovieListView.swift in Sources */ = {isa = PBXBuildFile; fileRef = D4A1419A2CCCC6E900B772D5 /* MovieListView.swift */; };
		D4A1419D2CCCC94000B772D5 /* HomeView.swift in Sources */ = {isa = PBXBuildFile; fileRef = D4A1419C2CCCC94000B772D5 /* HomeView.swift */; };
		D4A1419F2CCCF8E500B772D5 /* ViewAllListView.swift in Sources */ = {isa = PBXBuildFile; fileRef = D4A1419E2CCCF8E500B772D5 /* ViewAllListView.swift */; };
		D4DCB1D92CCE31FA00772BC3 /* SearchMovieListView.swift in Sources */ = {isa = PBXBuildFile; fileRef = D4DCB1D82CCE31FA00772BC3 /* SearchMovieListView.swift */; };
		D4DCB1DB2CCE341100772BC3 /* SearchMoviesViewModel.swift in Sources */ = {isa = PBXBuildFile; fileRef = D4DCB1DA2CCE341100772BC3 /* SearchMoviesViewModel.swift */; };
		D4DCB1DD2CCE3A7000772BC3 /* Searchbar.swift in Sources */ = {isa = PBXBuildFile; fileRef = D4DCB1DC2CCE3A7000772BC3 /* Searchbar.swift */; };
/* End PBXBuildFile section */

/* Begin PBXFileReference section */
		D4A1416C2CCCA48300B772D5 /* The Movie List.app */ = {isa = PBXFileReference; explicitFileType = wrapper.application; includeInIndex = 0; path = "The Movie List.app"; sourceTree = BUILT_PRODUCTS_DIR; };
		D4A1416F2CCCA48300B772D5 /* The_Movie_ListApp.swift */ = {isa = PBXFileReference; lastKnownFileType = sourcecode.swift; path = The_Movie_ListApp.swift; sourceTree = "<group>"; };
		D4A141712CCCA48300B772D5 /* ContentView.swift */ = {isa = PBXFileReference; lastKnownFileType = sourcecode.swift; path = ContentView.swift; sourceTree = "<group>"; };
		D4A141732CCCA48500B772D5 /* Assets.xcassets */ = {isa = PBXFileReference; lastKnownFileType = folder.assetcatalog; path = Assets.xcassets; sourceTree = "<group>"; };
		D4A141762CCCA48500B772D5 /* Preview Assets.xcassets */ = {isa = PBXFileReference; lastKnownFileType = folder.assetcatalog; path = "Preview Assets.xcassets"; sourceTree = "<group>"; };
		D4A141782CCCA48500B772D5 /* Persistence.swift */ = {isa = PBXFileReference; lastKnownFileType = sourcecode.swift; path = Persistence.swift; sourceTree = "<group>"; };
		D4A1417B2CCCA48500B772D5 /* The_Movie_List.xcdatamodel */ = {isa = PBXFileReference; lastKnownFileType = wrapper.xcdatamodel; path = The_Movie_List.xcdatamodel; sourceTree = "<group>"; };
		D4A141862CCCB7FA00B772D5 /* Genre.swift */ = {isa = PBXFileReference; lastKnownFileType = sourcecode.swift; path = Genre.swift; sourceTree = "<group>"; };
		D4A141882CCCB81D00B772D5 /* ErrorResponse.swift */ = {isa = PBXFileReference; lastKnownFileType = sourcecode.swift; path = ErrorResponse.swift; sourceTree = "<group>"; };
		D4A1418A2CCCB83F00B772D5 /* Movies.swift */ = {isa = PBXFileReference; lastKnownFileType = sourcecode.swift; path = Movies.swift; sourceTree = "<group>"; };
		D4A1418C2CCCB85E00B772D5 /* ResultResponse.swift */ = {isa = PBXFileReference; lastKnownFileType = sourcecode.swift; path = ResultResponse.swift; sourceTree = "<group>"; };
		D4A141912CCCBC4600B772D5 /* Constants.swift */ = {isa = PBXFileReference; lastKnownFileType = sourcecode.swift; path = Constants.swift; sourceTree = "<group>"; };
		D4A141932CCCBD8E00B772D5 /* MovieDetailsViewModel.swift */ = {isa = PBXFileReference; lastKnownFileType = sourcecode.swift; path = MovieDetailsViewModel.swift; sourceTree = "<group>"; };
		D4A141952CCCBF1100B772D5 /* HomeViewModel.swift */ = {isa = PBXFileReference; lastKnownFileType = sourcecode.swift; path = HomeViewModel.swift; sourceTree = "<group>"; };
		D4A141982CCCC53500B772D5 /* MovieDetailsView.swift */ = {isa = PBXFileReference; lastKnownFileType = sourcecode.swift; path = MovieDetailsView.swift; sourceTree = "<group>"; };
		D4A1419A2CCCC6E900B772D5 /* MovieListView.swift */ = {isa = PBXFileReference; lastKnownFileType = sourcecode.swift; path = MovieListView.swift; sourceTree = "<group>"; };
		D4A1419C2CCCC94000B772D5 /* HomeView.swift */ = {isa = PBXFileReference; lastKnownFileType = sourcecode.swift; path = HomeView.swift; sourceTree = "<group>"; };
		D4A1419E2CCCF8E500B772D5 /* ViewAllListView.swift */ = {isa = PBXFileReference; lastKnownFileType = sourcecode.swift; path = ViewAllListView.swift; sourceTree = "<group>"; };
		D4DCB1D82CCE31FA00772BC3 /* SearchMovieListView.swift */ = {isa = PBXFileReference; lastKnownFileType = sourcecode.swift; path = SearchMovieListView.swift; sourceTree = "<group>"; };
		D4DCB1DA2CCE341100772BC3 /* SearchMoviesViewModel.swift */ = {isa = PBXFileReference; lastKnownFileType = sourcecode.swift; path = SearchMoviesViewModel.swift; sourceTree = "<group>"; };
		D4DCB1DC2CCE3A7000772BC3 /* Searchbar.swift */ = {isa = PBXFileReference; lastKnownFileType = sourcecode.swift; path = Searchbar.swift; sourceTree = "<group>"; };
/* End PBXFileReference section */

/* Begin PBXFrameworksBuildPhase section */
		D4A141692CCCA48300B772D5 /* Frameworks */ = {
			isa = PBXFrameworksBuildPhase;
			buildActionMask = 2147483647;
			files = (
				D4A141902CCCBB8B00B772D5 /* SDWebImageSwiftUI in Frameworks */,
			);
			runOnlyForDeploymentPostprocessing = 0;
		};
/* End PBXFrameworksBuildPhase section */

/* Begin PBXGroup section */
		D4A141632CCCA48300B772D5 = {
			isa = PBXGroup;
			children = (
				D4A1416E2CCCA48300B772D5 /* The Movie List */,
				D4A1416D2CCCA48300B772D5 /* Products */,
			);
			sourceTree = "<group>";
		};
		D4A1416D2CCCA48300B772D5 /* Products */ = {
			isa = PBXGroup;
			children = (
				D4A1416C2CCCA48300B772D5 /* The Movie List.app */,
			);
			name = Products;
			sourceTree = "<group>";
		};
		D4A1416E2CCCA48300B772D5 /* The Movie List */ = {
			isa = PBXGroup;
			children = (
				D4A141972CCCC2E900B772D5 /* Utility */,
				D4A141852CCCB3AD00B772D5 /* View */,
				D4A141832CCCB39200B772D5 /* Model */,
				D4A141822CCCB37400B772D5 /* ViewModel */,
				D4A1416F2CCCA48300B772D5 /* The_Movie_ListApp.swift */,
				D4A141712CCCA48300B772D5 /* ContentView.swift */,
				D4A141732CCCA48500B772D5 /* Assets.xcassets */,
				D4A141782CCCA48500B772D5 /* Persistence.swift */,
				D4A1417A2CCCA48500B772D5 /* The_Movie_List.xcdatamodeld */,
				D4A141752CCCA48500B772D5 /* Preview Content */,
			);
			path = "The Movie List";
			sourceTree = "<group>";
		};
		D4A141752CCCA48500B772D5 /* Preview Content */ = {
			isa = PBXGroup;
			children = (
				D4A141762CCCA48500B772D5 /* Preview Assets.xcassets */,
			);
			path = "Preview Content";
			sourceTree = "<group>";
		};
		D4A141822CCCB37400B772D5 /* ViewModel */ = {
			isa = PBXGroup;
			children = (
				D4A141912CCCBC4600B772D5 /* Constants.swift */,
				D4A141932CCCBD8E00B772D5 /* MovieDetailsViewModel.swift */,
				D4A141952CCCBF1100B772D5 /* HomeViewModel.swift */,
				D4DCB1DA2CCE341100772BC3 /* SearchMoviesViewModel.swift */,
			);
			path = ViewModel;
			sourceTree = "<group>";
		};
		D4A141832CCCB39200B772D5 /* Model */ = {
			isa = PBXGroup;
			children = (
				D4A141862CCCB7FA00B772D5 /* Genre.swift */,
				D4A141882CCCB81D00B772D5 /* ErrorResponse.swift */,
				D4A1418A2CCCB83F00B772D5 /* Movies.swift */,
				D4A1418C2CCCB85E00B772D5 /* ResultResponse.swift */,
			);
			path = Model;
			sourceTree = "<group>";
		};
		D4A141852CCCB3AD00B772D5 /* View */ = {
			isa = PBXGroup;
			children = (
				D4A141982CCCC53500B772D5 /* MovieDetailsView.swift */,
				D4A1419A2CCCC6E900B772D5 /* MovieListView.swift */,
				D4A1419C2CCCC94000B772D5 /* HomeView.swift */,
				D4A1419E2CCCF8E500B772D5 /* ViewAllListView.swift */,
				D4DCB1D82CCE31FA00772BC3 /* SearchMovieListView.swift */,
			);
			path = View;
			sourceTree = "<group>";
		};
		D4A141972CCCC2E900B772D5 /* Utility */ = {
			isa = PBXGroup;
			children = (
				D4DCB1DC2CCE3A7000772BC3 /* Searchbar.swift */,
			);
			path = Utility;
			sourceTree = "<group>";
		};
/* End PBXGroup section */

/* Begin PBXNativeTarget section */
		D4A1416B2CCCA48300B772D5 /* The Movie List */ = {
			isa = PBXNativeTarget;
			buildConfigurationList = D4A1417F2CCCA48500B772D5 /* Build configuration list for PBXNativeTarget "The Movie List" */;
			buildPhases = (
				D4A141682CCCA48300B772D5 /* Sources */,
				D4A141692CCCA48300B772D5 /* Frameworks */,
				D4A1416A2CCCA48300B772D5 /* Resources */,
			);
			buildRules = (
			);
			dependencies = (
			);
			name = "The Movie List";
			packageProductDependencies = (
				D4A1418F2CCCBB8B00B772D5 /* SDWebImageSwiftUI */,
			);
			productName = "The Movie List";
			productReference = D4A1416C2CCCA48300B772D5 /* The Movie List.app */;
			productType = "com.apple.product-type.application";
		};
/* End PBXNativeTarget section */

/* Begin PBXProject section */
		D4A141642CCCA48300B772D5 /* Project object */ = {
			isa = PBXProject;
			attributes = {
				BuildIndependentTargetsInParallel = 1;
				LastSwiftUpdateCheck = 1530;
				LastUpgradeCheck = 1530;
				TargetAttributes = {
					D4A1416B2CCCA48300B772D5 = {
						CreatedOnToolsVersion = 15.3;
					};
				};
			};
			buildConfigurationList = D4A141672CCCA48300B772D5 /* Build configuration list for PBXProject "The Movie List" */;
			compatibilityVersion = "Xcode 14.0";
			developmentRegion = en;
			hasScannedForEncodings = 0;
			knownRegions = (
				en,
				Base,
			);
			mainGroup = D4A141632CCCA48300B772D5;
			packageReferences = (
				D4A1418E2CCCBB8B00B772D5 /* XCRemoteSwiftPackageReference "SDWebImageSwiftUI" */,
			);
			productRefGroup = D4A1416D2CCCA48300B772D5 /* Products */;
			projectDirPath = "";
			projectRoot = "";
			targets = (
				D4A1416B2CCCA48300B772D5 /* The Movie List */,
			);
		};
/* End PBXProject section */

/* Begin PBXResourcesBuildPhase section */
		D4A1416A2CCCA48300B772D5 /* Resources */ = {
			isa = PBXResourcesBuildPhase;
			buildActionMask = 2147483647;
			files = (
				D4A141772CCCA48500B772D5 /* Preview Assets.xcassets in Resources */,
				D4A141742CCCA48500B772D5 /* Assets.xcassets in Resources */,
			);
			runOnlyForDeploymentPostprocessing = 0;
		};
/* End PBXResourcesBuildPhase section */

/* Begin PBXSourcesBuildPhase section */
		D4A141682CCCA48300B772D5 /* Sources */ = {
			isa = PBXSourcesBuildPhase;
			buildActionMask = 2147483647;
			files = (
				D4A141942CCCBD8E00B772D5 /* MovieDetailsViewModel.swift in Sources */,
				D4A1419D2CCCC94000B772D5 /* HomeView.swift in Sources */,
				D4A141962CCCBF1100B772D5 /* HomeViewModel.swift in Sources */,
				D4A1418B2CCCB83F00B772D5 /* Movies.swift in Sources */,
				D4A141792CCCA48500B772D5 /* Persistence.swift in Sources */,
				D4DCB1DD2CCE3A7000772BC3 /* Searchbar.swift in Sources */,
				D4A141722CCCA48300B772D5 /* ContentView.swift in Sources */,
				D4DCB1DB2CCE341100772BC3 /* SearchMoviesViewModel.swift in Sources */,
				D4A1419F2CCCF8E500B772D5 /* ViewAllListView.swift in Sources */,
				D4DCB1D92CCE31FA00772BC3 /* SearchMovieListView.swift in Sources */,
				D4A1417C2CCCA48500B772D5 /* The_Movie_List.xcdatamodeld in Sources */,
				D4A141992CCCC53500B772D5 /* MovieDetailsView.swift in Sources */,
				D4A141892CCCB81D00B772D5 /* ErrorResponse.swift in Sources */,
				D4A141702CCCA48300B772D5 /* The_Movie_ListApp.swift in Sources */,
				D4A141872CCCB7FA00B772D5 /* Genre.swift in Sources */,
				D4A1419B2CCCC6E900B772D5 /* MovieListView.swift in Sources */,
				D4A1418D2CCCB85E00B772D5 /* ResultResponse.swift in Sources */,
				D4A141922CCCBC4600B772D5 /* Constants.swift in Sources */,
			);
			runOnlyForDeploymentPostprocessing = 0;
		};
/* End PBXSourcesBuildPhase section */

/* Begin XCBuildConfiguration section */
		D4A1417D2CCCA48500B772D5 /* Debug */ = {
			isa = XCBuildConfiguration;
			buildSettings = {
				ALWAYS_SEARCH_USER_PATHS = NO;
				ASSETCATALOG_COMPILER_GENERATE_SWIFT_ASSET_SYMBOL_EXTENSIONS = YES;
				CLANG_ANALYZER_NONNULL = YES;
				CLANG_ANALYZER_NUMBER_OBJECT_CONVERSION = YES_AGGRESSIVE;
				CLANG_CXX_LANGUAGE_STANDARD = "gnu++20";
				CLANG_ENABLE_MODULES = YES;
				CLANG_ENABLE_OBJC_ARC = YES;
				CLANG_ENABLE_OBJC_WEAK = YES;
				CLANG_WARN_BLOCK_CAPTURE_AUTORELEASING = YES;
				CLANG_WARN_BOOL_CONVERSION = YES;
				CLANG_WARN_COMMA = YES;
				CLANG_WARN_CONSTANT_CONVERSION = YES;
				CLANG_WARN_DEPRECATED_OBJC_IMPLEMENTATIONS = YES;
				CLANG_WARN_DIRECT_OBJC_ISA_USAGE = YES_ERROR;
				CLANG_WARN_DOCUMENTATION_COMMENTS = YES;
				CLANG_WARN_EMPTY_BODY = YES;
				CLANG_WARN_ENUM_CONVERSION = YES;
				CLANG_WARN_INFINITE_RECURSION = YES;
				CLANG_WARN_INT_CONVERSION = YES;
				CLANG_WARN_NON_LITERAL_NULL_CONVERSION = YES;
				CLANG_WARN_OBJC_IMPLICIT_RETAIN_SELF = YES;
				CLANG_WARN_OBJC_LITERAL_CONVERSION = YES;
				CLANG_WARN_OBJC_ROOT_CLASS = YES_ERROR;
				CLANG_WARN_QUOTED_INCLUDE_IN_FRAMEWORK_HEADER = YES;
				CLANG_WARN_RANGE_LOOP_ANALYSIS = YES;
				CLANG_WARN_STRICT_PROTOTYPES = YES;
				CLANG_WARN_SUSPICIOUS_MOVE = YES;
				CLANG_WARN_UNGUARDED_AVAILABILITY = YES_AGGRESSIVE;
				CLANG_WARN_UNREACHABLE_CODE = YES;
				CLANG_WARN__DUPLICATE_METHOD_MATCH = YES;
				COPY_PHASE_STRIP = NO;
				DEBUG_INFORMATION_FORMAT = dwarf;
				ENABLE_STRICT_OBJC_MSGSEND = YES;
				ENABLE_TESTABILITY = YES;
				ENABLE_USER_SCRIPT_SANDBOXING = YES;
				GCC_C_LANGUAGE_STANDARD = gnu17;
				GCC_DYNAMIC_NO_PIC = NO;
				GCC_NO_COMMON_BLOCKS = YES;
				GCC_OPTIMIZATION_LEVEL = 0;
				GCC_PREPROCESSOR_DEFINITIONS = (
					"DEBUG=1",
					"$(inherited)",
				);
				GCC_WARN_64_TO_32_BIT_CONVERSION = YES;
				GCC_WARN_ABOUT_RETURN_TYPE = YES_ERROR;
				GCC_WARN_UNDECLARED_SELECTOR = YES;
				GCC_WARN_UNINITIALIZED_AUTOS = YES_AGGRESSIVE;
				GCC_WARN_UNUSED_FUNCTION = YES;
				GCC_WARN_UNUSED_VARIABLE = YES;
				IPHONEOS_DEPLOYMENT_TARGET = 17.4;
				LOCALIZATION_PREFERS_STRING_CATALOGS = YES;
				MTL_ENABLE_DEBUG_INFO = INCLUDE_SOURCE;
				MTL_FAST_MATH = YES;
				ONLY_ACTIVE_ARCH = YES;
				SDKROOT = iphoneos;
				SWIFT_ACTIVE_COMPILATION_CONDITIONS = "DEBUG $(inherited)";
				SWIFT_OPTIMIZATION_LEVEL = "-Onone";
			};
			name = Debug;
		};
		D4A1417E2CCCA48500B772D5 /* Release */ = {
			isa = XCBuildConfiguration;
			buildSettings = {
				ALWAYS_SEARCH_USER_PATHS = NO;
				ASSETCATALOG_COMPILER_GENERATE_SWIFT_ASSET_SYMBOL_EXTENSIONS = YES;
				CLANG_ANALYZER_NONNULL = YES;
				CLANG_ANALYZER_NUMBER_OBJECT_CONVERSION = YES_AGGRESSIVE;
				CLANG_CXX_LANGUAGE_STANDARD = "gnu++20";
				CLANG_ENABLE_MODULES = YES;
				CLANG_ENABLE_OBJC_ARC = YES;
				CLANG_ENABLE_OBJC_WEAK = YES;
				CLANG_WARN_BLOCK_CAPTURE_AUTORELEASING = YES;
				CLANG_WARN_BOOL_CONVERSION = YES;
				CLANG_WARN_COMMA = YES;
				CLANG_WARN_CONSTANT_CONVERSION = YES;
				CLANG_WARN_DEPRECATED_OBJC_IMPLEMENTATIONS = YES;
				CLANG_WARN_DIRECT_OBJC_ISA_USAGE = YES_ERROR;
				CLANG_WARN_DOCUMENTATION_COMMENTS = YES;
				CLANG_WARN_EMPTY_BODY = YES;
				CLANG_WARN_ENUM_CONVERSION = YES;
				CLANG_WARN_INFINITE_RECURSION = YES;
				CLANG_WARN_INT_CONVERSION = YES;
				CLANG_WARN_NON_LITERAL_NULL_CONVERSION = YES;
				CLANG_WARN_OBJC_IMPLICIT_RETAIN_SELF = YES;
				CLANG_WARN_OBJC_LITERAL_CONVERSION = YES;
				CLANG_WARN_OBJC_ROOT_CLASS = YES_ERROR;
				CLANG_WARN_QUOTED_INCLUDE_IN_FRAMEWORK_HEADER = YES;
				CLANG_WARN_RANGE_LOOP_ANALYSIS = YES;
				CLANG_WARN_STRICT_PROTOTYPES = YES;
				CLANG_WARN_SUSPICIOUS_MOVE = YES;
				CLANG_WARN_UNGUARDED_AVAILABILITY = YES_AGGRESSIVE;
				CLANG_WARN_UNREACHABLE_CODE = YES;
				CLANG_WARN__DUPLICATE_METHOD_MATCH = YES;
				COPY_PHASE_STRIP = NO;
				DEBUG_INFORMATION_FORMAT = "dwarf-with-dsym";
				ENABLE_NS_ASSERTIONS = NO;
				ENABLE_STRICT_OBJC_MSGSEND = YES;
				ENABLE_USER_SCRIPT_SANDBOXING = YES;
				GCC_C_LANGUAGE_STANDARD = gnu17;
				GCC_NO_COMMON_BLOCKS = YES;
				GCC_WARN_64_TO_32_BIT_CONVERSION = YES;
				GCC_WARN_ABOUT_RETURN_TYPE = YES_ERROR;
				GCC_WARN_UNDECLARED_SELECTOR = YES;
				GCC_WARN_UNINITIALIZED_AUTOS = YES_AGGRESSIVE;
				GCC_WARN_UNUSED_FUNCTION = YES;
				GCC_WARN_UNUSED_VARIABLE = YES;
				IPHONEOS_DEPLOYMENT_TARGET = 17.4;
				LOCALIZATION_PREFERS_STRING_CATALOGS = YES;
				MTL_ENABLE_DEBUG_INFO = NO;
				MTL_FAST_MATH = YES;
				SDKROOT = iphoneos;
				SWIFT_COMPILATION_MODE = wholemodule;
				VALIDATE_PRODUCT = YES;
			};
			name = Release;
		};
		D4A141802CCCA48500B772D5 /* Debug */ = {
			isa = XCBuildConfiguration;
			buildSettings = {
				ASSETCATALOG_COMPILER_APPICON_NAME = AppIcon;
				ASSETCATALOG_COMPILER_GLOBAL_ACCENT_COLOR_NAME = AccentColor;
				CODE_SIGN_STYLE = Automatic;
				CURRENT_PROJECT_VERSION = 1;
				DEVELOPMENT_ASSET_PATHS = "\"The Movie List/Preview Content\"";
				ENABLE_PREVIEWS = YES;
				GENERATE_INFOPLIST_FILE = YES;
				INFOPLIST_KEY_UIApplicationSceneManifest_Generation = YES;
				INFOPLIST_KEY_UIApplicationSupportsIndirectInputEvents = YES;
				INFOPLIST_KEY_UILaunchScreen_Generation = YES;
				INFOPLIST_KEY_UISupportedInterfaceOrientations = UIInterfaceOrientationPortrait;
				INFOPLIST_KEY_UIUserInterfaceStyle = Light;
				LD_RUNPATH_SEARCH_PATHS = (
					"$(inherited)",
					"@executable_path/Frameworks",
				);
				MARKETING_VERSION = 1.0;
				PRODUCT_BUNDLE_IDENTIFIER = "com.personal.The-Movie-List";
				PRODUCT_NAME = "$(TARGET_NAME)";
				SUPPORTED_PLATFORMS = "iphoneos iphonesimulator";
				SUPPORTS_MACCATALYST = NO;
				SUPPORTS_MAC_DESIGNED_FOR_IPHONE_IPAD = NO;
				SUPPORTS_XR_DESIGNED_FOR_IPHONE_IPAD = NO;
				SWIFT_EMIT_LOC_STRINGS = YES;
				SWIFT_VERSION = 5.0;
				TARGETED_DEVICE_FAMILY = 1;
			};
			name = Debug;
		};
		D4A141812CCCA48500B772D5 /* Release */ = {
			isa = XCBuildConfiguration;
			buildSettings = {
				ASSETCATALOG_COMPILER_APPICON_NAME = AppIcon;
				ASSETCATALOG_COMPILER_GLOBAL_ACCENT_COLOR_NAME = AccentColor;
				CODE_SIGN_STYLE = Automatic;
				CURRENT_PROJECT_VERSION = 1;
				DEVELOPMENT_ASSET_PATHS = "\"The Movie List/Preview Content\"";
				ENABLE_PREVIEWS = YES;
				GENERATE_INFOPLIST_FILE = YES;
				INFOPLIST_KEY_UIApplicationSceneManifest_Generation = YES;
				INFOPLIST_KEY_UIApplicationSupportsIndirectInputEvents = YES;
				INFOPLIST_KEY_UILaunchScreen_Generation = YES;
				INFOPLIST_KEY_UISupportedInterfaceOrientations = UIInterfaceOrientationPortrait;
				INFOPLIST_KEY_UIUserInterfaceStyle = Light;
				LD_RUNPATH_SEARCH_PATHS = (
					"$(inherited)",
					"@executable_path/Frameworks",
				);
				MARKETING_VERSION = 1.0;
				PRODUCT_BUNDLE_IDENTIFIER = "com.personal.The-Movie-List";
				PRODUCT_NAME = "$(TARGET_NAME)";
				SUPPORTED_PLATFORMS = "iphoneos iphonesimulator";
				SUPPORTS_MACCATALYST = NO;
				SUPPORTS_MAC_DESIGNED_FOR_IPHONE_IPAD = NO;
				SUPPORTS_XR_DESIGNED_FOR_IPHONE_IPAD = NO;
				SWIFT_EMIT_LOC_STRINGS = YES;
				SWIFT_VERSION = 5.0;
				TARGETED_DEVICE_FAMILY = 1;
			};
			name = Release;
		};
/* End XCBuildConfiguration section */

/* Begin XCConfigurationList section */
		D4A141672CCCA48300B772D5 /* Build configuration list for PBXProject "The Movie List" */ = {
			isa = XCConfigurationList;
			buildConfigurations = (
				D4A1417D2CCCA48500B772D5 /* Debug */,
				D4A1417E2CCCA48500B772D5 /* Release */,
			);
			defaultConfigurationIsVisible = 0;
			defaultConfigurationName = Release;
		};
		D4A1417F2CCCA48500B772D5 /* Build configuration list for PBXNativeTarget "The Movie List" */ = {
			isa = XCConfigurationList;
			buildConfigurations = (
				D4A141802CCCA48500B772D5 /* Debug */,
				D4A141812CCCA48500B772D5 /* Release */,
			);
			defaultConfigurationIsVisible = 0;
			defaultConfigurationName = Release;
		};
/* End XCConfigurationList section */

/* Begin XCRemoteSwiftPackageReference section */
		D4A1418E2CCCBB8B00B772D5 /* XCRemoteSwiftPackageReference "SDWebImageSwiftUI" */ = {
			isa = XCRemoteSwiftPackageReference;
			repositoryURL = "https://github.com/SDWebImage/SDWebImageSwiftUI";
			requirement = {
				kind = upToNextMajorVersion;
				minimumVersion = 3.1.2;
			};
		};
/* End XCRemoteSwiftPackageReference section */

/* Begin XCSwiftPackageProductDependency section */
		D4A1418F2CCCBB8B00B772D5 /* SDWebImageSwiftUI */ = {
			isa = XCSwiftPackageProductDependency;
			package = D4A1418E2CCCBB8B00B772D5 /* XCRemoteSwiftPackageReference "SDWebImageSwiftUI" */;
			productName = SDWebImageSwiftUI;
		};
/* End XCSwiftPackageProductDependency section */

/* Begin XCVersionGroup section */
		D4A1417A2CCCA48500B772D5 /* The_Movie_List.xcdatamodeld */ = {
			isa = XCVersionGroup;
			children = (
				D4A1417B2CCCA48500B772D5 /* The_Movie_List.xcdatamodel */,
			);
			currentVersion = D4A1417B2CCCA48500B772D5 /* The_Movie_List.xcdatamodel */;
			path = The_Movie_List.xcdatamodeld;
			sourceTree = "<group>";
			versionGroupType = wrapper.xcdatamodel;
		};
/* End XCVersionGroup section */
	};
	rootObject = D4A141642CCCA48300B772D5 /* Project object */;
}
